
Microsoft Visual Studio Solution File, Format Version 12.00
# Visual Studio 15
VisualStudioVersion = 15.0.28010.2048
MinimumVisualStudioVersion = 10.0.40219.1
Project("{FAE04EC0-301F-11D3-BF4B-00C04F79EFBC}") = "LunarFonts", "LunarFonts\LunarFonts.csproj", "{DBDD02FD-F8E1-4ECD-BE05-30BD1D995C5B}"
EndProject
Global
	GlobalSection(SolutionConfigurationPlatforms) = preSolution
		Debug|Any CPU = Debug|Any CPU
		Release|Any CPU = Release|Any CPU
	EndGlobalSection
	GlobalSection(ProjectConfigurationPlatforms) = postSolution
		{DBDD02FD-F8E1-4ECD-BE05-30BD1D995C5B}.Debug|Any CPU.ActiveCfg = Debug|Any CPU
		{DBDD02FD-F8E1-4ECD-BE05-30BD1D995C5B}.Debug|Any CPU.Build.0 = Debug|Any CPU
		{DBDD02FD-F8E1-4ECD-BE05-30BD1D995C5B}.Release|Any CPU.ActiveCfg = Release|Any CPU
		{DBDD02FD-F8E1-4ECD-BE05-30BD1D995C5B}.Release|Any CPU.Build.0 = Release|Any CPU
	EndGlobalSection
	GlobalSection(SolutionProperties) = preSolution
		HideSolutionNode = FALSE
	EndGlobalSection
	GlobalSection(ExtensibilityGlobals) = postSolution
		SolutionGuid = {C0DF3F08-AA1D-4BB9-A55D-C376EF74A472}
	EndGlobalSection
EndGlobal
